
Microsoft Visual Studio Solution File, Format Version 12.00
# Visual Studio Version 17
VisualStudioVersion = 17.14.36212.18
MinimumVisualStudioVersion = 10.0.40219.1
Project("{FAE04EC0-301F-11D3-BF4B-00C04F79EFBC}") = "CleanArchitecture.API", "API\CleanArchitecture.API.csproj", "{D66764D1-AA26-4574-A9BF-19728C2D8CAF}"
EndProject
Project("{FAE04EC0-301F-11D3-BF4B-00C04F79EFBC}") = "CleanArchitecture.Application", "Application\CleanArchitecture.Application.csproj", "{3A271F3D-9679-4495-B5EC-B46922AAE243}"
EndProject
Project("{FAE04EC0-301F-11D3-BF4B-00C04F79EFBC}") = "CleanArchitecture.Domain", "Domain\CleanArchitecture.Domain.csproj", "{984E8B8D-2088-4B95-88C5-ACB50D3F0ECD}"
EndProject
Project("{FAE04EC0-301F-11D3-BF4B-00C04F79EFBC}") = "CleanArchitecture.Infrastructure", "Infrastructure\CleanArchitecture.Infrastructure.csproj", "{1F73CCE3-DF8F-4E9A-9FD0-55FD13BE78E4}"
EndProject
Project("{E53339B2-1760-4266-BCC7-CA923CBCF16C}") = "docker-compose", "docker-compose.dcproj", "{81DDED9D-158B-E303-5F62-77A2896D2A5A}"
EndProject
Global
	GlobalSection(SolutionConfigurationPlatforms) = preSolution
		Debug|Any CPU = Debug|Any CPU
		Release|Any CPU = Release|Any CPU
	EndGlobalSection
	GlobalSection(ProjectConfigurationPlatforms) = postSolution
		{D66764D1-AA26-4574-A9BF-19728C2D8CAF}.Debug|Any CPU.ActiveCfg = Debug|Any CPU
		{D66764D1-AA26-4574-A9BF-19728C2D8CAF}.Debug|Any CPU.Build.0 = Debug|Any CPU
		{D66764D1-AA26-4574-A9BF-19728C2D8CAF}.Release|Any CPU.ActiveCfg = Release|Any CPU
		{D66764D1-AA26-4574-A9BF-19728C2D8CAF}.Release|Any CPU.Build.0 = Release|Any CPU
		{3A271F3D-9679-4495-B5EC-B46922AAE243}.Debug|Any CPU.ActiveCfg = Debug|Any CPU
		{3A271F3D-9679-4495-B5EC-B46922AAE243}.Debug|Any CPU.Build.0 = Debug|Any CPU
		{3A271F3D-9679-4495-B5EC-B46922AAE243}.Release|Any CPU.ActiveCfg = Release|Any CPU
		{3A271F3D-9679-4495-B5EC-B46922AAE243}.Release|Any CPU.Build.0 = Release|Any CPU
		{984E8B8D-2088-4B95-88C5-ACB50D3F0ECD}.Debug|Any CPU.ActiveCfg = Debug|Any CPU
		{984E8B8D-2088-4B95-88C5-ACB50D3F0ECD}.Debug|Any CPU.Build.0 = Debug|Any CPU
		{984E8B8D-2088-4B95-88C5-ACB50D3F0ECD}.Release|Any CPU.ActiveCfg = Release|Any CPU
		{984E8B8D-2088-4B95-88C5-ACB50D3F0ECD}.Release|Any CPU.Build.0 = Release|Any CPU
		{1F73CCE3-DF8F-4E9A-9FD0-55FD13BE78E4}.Debug|Any CPU.ActiveCfg = Debug|Any CPU
		{1F73CCE3-DF8F-4E9A-9FD0-55FD13BE78E4}.Debug|Any CPU.Build.0 = Debug|Any CPU
		{1F73CCE3-DF8F-4E9A-9FD0-55FD13BE78E4}.Release|Any CPU.ActiveCfg = Release|Any CPU
		{1F73CCE3-DF8F-4E9A-9FD0-55FD13BE78E4}.Release|Any CPU.Build.0 = Release|Any CPU
		{81DDED9D-158B-E303-5F62-77A2896D2A5A}.Debug|Any CPU.ActiveCfg = Debug|Any CPU
		{81DDED9D-158B-E303-5F62-77A2896D2A5A}.Debug|Any CPU.Build.0 = Debug|Any CPU
		{81DDED9D-158B-E303-5F62-77A2896D2A5A}.Release|Any CPU.ActiveCfg = Release|Any CPU
		{81DDED9D-158B-E303-5F62-77A2896D2A5A}.Release|Any CPU.Build.0 = Release|Any CPU
	EndGlobalSection
	GlobalSection(SolutionProperties) = preSolution
		HideSolutionNode = FALSE
	EndGlobalSection
	GlobalSection(ExtensibilityGlobals) = postSolution
		SolutionGuid = {46015194-44E8-4E91-9A63-ED14BDF4B7BE}
	EndGlobalSection
EndGlobal
